
Microsoft Visual Studio Solution File, Format Version 12.00
# Visual Studio Version 17
VisualStudioVersion = 17.14.36310.24
MinimumVisualStudioVersion = 10.0.40219.1
Project("{FAE04EC0-301F-11D3-BF4B-00C04F79EFBC}") = "MK1", "MK1\MK1.csproj", "{EE96DFD8-4153-4615-BDFD-0A783241B320}"
EndProject
Project("{FAE04EC0-301F-11D3-BF4B-00C04F79EFBC}") = "MK2", "MK2\MK2.csproj", "{7C5C6DE0-1197-48EF-B2CA-31864B1C497B}"
EndProject
Global
	GlobalSection(SolutionConfigurationPlatforms) = preSolution
		Debug|Any CPU = Debug|Any CPU
		Release|Any CPU = Release|Any CPU
	EndGlobalSection
	GlobalSection(ProjectConfigurationPlatforms) = postSolution
		{EE96DFD8-4153-4615-BDFD-0A783241B320}.Debug|Any CPU.ActiveCfg = Debug|Any CPU
		{EE96DFD8-4153-4615-BDFD-0A783241B320}.Debug|Any CPU.Build.0 = Debug|Any CPU
		{EE96DFD8-4153-4615-BDFD-0A783241B320}.Release|Any CPU.ActiveCfg = Release|Any CPU
		{EE96DFD8-4153-4615-BDFD-0A783241B320}.Release|Any CPU.Build.0 = Release|Any CPU
		{7C5C6DE0-1197-48EF-B2CA-31864B1C497B}.Debug|Any CPU.ActiveCfg = Debug|Any CPU
		{7C5C6DE0-1197-48EF-B2CA-31864B1C497B}.Debug|Any CPU.Build.0 = Debug|Any CPU
		{7C5C6DE0-1197-48EF-B2CA-31864B1C497B}.Release|Any CPU.ActiveCfg = Release|Any CPU
		{7C5C6DE0-1197-48EF-B2CA-31864B1C497B}.Release|Any CPU.Build.0 = Release|Any CPU
	EndGlobalSection
	GlobalSection(SolutionProperties) = preSolution
		HideSolutionNode = FALSE
	EndGlobalSection
	GlobalSection(ExtensibilityGlobals) = postSolution
		SolutionGuid = {CE100957-EEF6-41CB-9228-7206C7B7939E}
	EndGlobalSection
EndGlobal
