
Microsoft Visual Studio Solution File, Format Version 12.00
# Visual Studio Version 17
VisualStudioVersion = 17.14.36310.24
MinimumVisualStudioVersion = 10.0.40219.1
Project("{FAE04EC0-301F-11D3-BF4B-00C04F79EFBC}") = "MK1", "MK1\MK1.csproj", "{EE96DFD8-4153-4615-BDFD-0A783241B320}"
EndProject
Project("{FAE04EC0-301F-11D3-BF4B-00C04F79EFBC}") = "MK2", "MK2\MK2.csproj", "{7C5C6DE0-1197-48EF-B2CA-31864B1C497B}"
EndProject
Project("{FAE04EC0-301F-11D3-BF4B-00C04F79EFBC}") = "MK3", "MK3\MK3.csproj", "{1C50B1DA-4F84-4D68-B4EB-DF00E0438FC1}"
EndProject
Project("{FAE04EC0-301F-11D3-BF4B-00C04F79EFBC}") = "MK4", "MK4\MK4.csproj", "{0C5CBBB9-ED28-4E0A-A6E2-10DEE475FD04}"
EndProject
Project("{FAE04EC0-301F-11D3-BF4B-00C04F79EFBC}") = "SimLib", "SimLib\SimLib.csproj", "{BB9C59C4-CEDE-4D4B-BB44-AB5BD791B207}"
EndProject
Project("{FAE04EC0-301F-11D3-BF4B-00C04F79EFBC}") = "MK5", "MK5\MK5.csproj", "{A1D452F5-89E2-45B3-A951-D619956E435C}"
EndProject
Global
	GlobalSection(SolutionConfigurationPlatforms) = preSolution
		Debug|Any CPU = Debug|Any CPU
		Release|Any CPU = Release|Any CPU
	EndGlobalSection
	GlobalSection(ProjectConfigurationPlatforms) = postSolution
		{EE96DFD8-4153-4615-BDFD-0A783241B320}.Debug|Any CPU.ActiveCfg = Debug|Any CPU
		{EE96DFD8-4153-4615-BDFD-0A783241B320}.Debug|Any CPU.Build.0 = Debug|Any CPU
		{EE96DFD8-4153-4615-BDFD-0A783241B320}.Release|Any CPU.ActiveCfg = Release|Any CPU
		{EE96DFD8-4153-4615-BDFD-0A783241B320}.Release|Any CPU.Build.0 = Release|Any CPU
		{7C5C6DE0-1197-48EF-B2CA-31864B1C497B}.Debug|Any CPU.ActiveCfg = Debug|Any CPU
		{7C5C6DE0-1197-48EF-B2CA-31864B1C497B}.Debug|Any CPU.Build.0 = Debug|Any CPU
		{7C5C6DE0-1197-48EF-B2CA-31864B1C497B}.Release|Any CPU.ActiveCfg = Release|Any CPU
		{7C5C6DE0-1197-48EF-B2CA-31864B1C497B}.Release|Any CPU.Build.0 = Release|Any CPU
		{1C50B1DA-4F84-4D68-B4EB-DF00E0438FC1}.Debug|Any CPU.ActiveCfg = Debug|Any CPU
		{1C50B1DA-4F84-4D68-B4EB-DF00E0438FC1}.Debug|Any CPU.Build.0 = Debug|Any CPU
		{1C50B1DA-4F84-4D68-B4EB-DF00E0438FC1}.Release|Any CPU.ActiveCfg = Release|Any CPU
		{1C50B1DA-4F84-4D68-B4EB-DF00E0438FC1}.Release|Any CPU.Build.0 = Release|Any CPU
		{0C5CBBB9-ED28-4E0A-A6E2-10DEE475FD04}.Debug|Any CPU.ActiveCfg = Debug|Any CPU
		{0C5CBBB9-ED28-4E0A-A6E2-10DEE475FD04}.Debug|Any CPU.Build.0 = Debug|Any CPU
		{0C5CBBB9-ED28-4E0A-A6E2-10DEE475FD04}.Release|Any CPU.ActiveCfg = Release|Any CPU
		{0C5CBBB9-ED28-4E0A-A6E2-10DEE475FD04}.Release|Any CPU.Build.0 = Release|Any CPU
		{BB9C59C4-CEDE-4D4B-BB44-AB5BD791B207}.Debug|Any CPU.ActiveCfg = Debug|Any CPU
		{BB9C59C4-CEDE-4D4B-BB44-AB5BD791B207}.Debug|Any CPU.Build.0 = Debug|Any CPU
		{BB9C59C4-CEDE-4D4B-BB44-AB5BD791B207}.Release|Any CPU.ActiveCfg = Release|Any CPU
		{BB9C59C4-CEDE-4D4B-BB44-AB5BD791B207}.Release|Any CPU.Build.0 = Release|Any CPU
		{A1D452F5-89E2-45B3-A951-D619956E435C}.Debug|Any CPU.ActiveCfg = Debug|Any CPU
		{A1D452F5-89E2-45B3-A951-D619956E435C}.Debug|Any CPU.Build.0 = Debug|Any CPU
		{A1D452F5-89E2-45B3-A951-D619956E435C}.Release|Any CPU.ActiveCfg = Release|Any CPU
		{A1D452F5-89E2-45B3-A951-D619956E435C}.Release|Any CPU.Build.0 = Release|Any CPU
	EndGlobalSection
	GlobalSection(SolutionProperties) = preSolution
		HideSolutionNode = FALSE
	EndGlobalSection
	GlobalSection(ExtensibilityGlobals) = postSolution
		SolutionGuid = {CE100957-EEF6-41CB-9228-7206C7B7939E}
	EndGlobalSection
EndGlobal
